
Microsoft Visual Studio Solution File, Format Version 12.00
# Visual Studio Version 17
VisualStudioVersion = 17.5.002.0
MinimumVisualStudioVersion = 10.0.40219.1
Project("{9A19103F-16F7-4668-BE54-9A1E7A4F7556}") = "ExercicioProduto", "ExercicioProduto.csproj", "{CA2F27AE-6094-4573-9E87-360D038837D3}"
EndProject
Global
	GlobalSection(SolutionConfigurationPlatforms) = preSolution
		Debug|Any CPU = Debug|Any CPU
		Release|Any CPU = Release|Any CPU
	EndGlobalSection
	GlobalSection(ProjectConfigurationPlatforms) = postSolution
		{CA2F27AE-6094-4573-9E87-360D038837D3}.Debug|Any CPU.ActiveCfg = Debug|Any CPU
		{CA2F27AE-6094-4573-9E87-360D038837D3}.Debug|Any CPU.Build.0 = Debug|Any CPU
		{CA2F27AE-6094-4573-9E87-360D038837D3}.Release|Any CPU.ActiveCfg = Release|Any CPU
		{CA2F27AE-6094-4573-9E87-360D038837D3}.Release|Any CPU.Build.0 = Release|Any CPU
	EndGlobalSection
	GlobalSection(SolutionProperties) = preSolution
		HideSolutionNode = FALSE
	EndGlobalSection
	GlobalSection(ExtensibilityGlobals) = postSolution
		SolutionGuid = {0A92C6EE-9873-426E-93E3-01C7836E8CB2}
	EndGlobalSection
EndGlobal
